
Microsoft Visual Studio Solution File, Format Version 12.00
# Visual Studio 15
VisualStudioVersion = 15.0.28307.779
MinimumVisualStudioVersion = 10.0.40219.1
Project("{FAE04EC0-301F-11D3-BF4B-00C04F79EFBC}") = "PenaltyTracker", "PenaltyTracker\PenaltyTracker.csproj", "{783D0EA4-BC1C-4DAD-905F-C5B1C329B31A}"
EndProject
Global
	GlobalSection(SolutionConfigurationPlatforms) = preSolution
		Debug|Any CPU = Debug|Any CPU
		Release|Any CPU = Release|Any CPU
	EndGlobalSection
	GlobalSection(ProjectConfigurationPlatforms) = postSolution
		{783D0EA4-BC1C-4DAD-905F-C5B1C329B31A}.Debug|Any CPU.ActiveCfg = Debug|Any CPU
		{783D0EA4-BC1C-4DAD-905F-C5B1C329B31A}.Debug|Any CPU.Build.0 = Debug|Any CPU
		{783D0EA4-BC1C-4DAD-905F-C5B1C329B31A}.Release|Any CPU.ActiveCfg = Release|Any CPU
		{783D0EA4-BC1C-4DAD-905F-C5B1C329B31A}.Release|Any CPU.Build.0 = Release|Any CPU
	EndGlobalSection
	GlobalSection(SolutionProperties) = preSolution
		HideSolutionNode = FALSE
	EndGlobalSection
	GlobalSection(ExtensibilityGlobals) = postSolution
		SolutionGuid = {097D20C2-EDC8-410A-A8F0-8175E03DDC19}
	EndGlobalSection
EndGlobal
